// !$*UTF8*$!
{
	archiveVersion = 1;
	classes = {
	};
	objectVersion = 77;
	objects = {

/* Begin PBXBuildFile section */
		FE324BC22D0A4E08002CEF08 /* RescheduleSheet.swift in Sources */ = {isa = PBXBuildFile; fileRef = FE324BC12D0A4E08002CEF08 /* RescheduleSheet.swift */; };
		FE324BC42D0A56E5002CEF08 /* Colors.swift in Sources */ = {isa = PBXBuildFile; fileRef = FE324BC32D0A56E5002CEF08 /* Colors.swift */; };
		FE58A9BF2D134C5200051430 /* SwiftUIView.swift in Sources */ = {isa = PBXBuildFile; fileRef = FE58A9BE2D134C5200051430 /* SwiftUIView.swift */; };
		FE58A9C12D13512400051430 /* StatefulSheetView.swift in Sources */ = {isa = PBXBuildFile; fileRef = FE58A9C02D13512400051430 /* StatefulSheetView.swift */; };
		FE6999A02D139658002E0B10 /* AdvancedPatterns.swift in Sources */ = {isa = PBXBuildFile; fileRef = FE69999F2D139658002E0B10 /* AdvancedPatterns.swift */; };
		FE6999A22D139876002E0B10 /* PatternTestView.swift in Sources */ = {isa = PBXBuildFile; fileRef = FE6999A12D139876002E0B10 /* PatternTestView.swift */; };
		FE72897F2D1E38D000D85DF2 /* Compoments.swift in Sources */ = {isa = PBXBuildFile; fileRef = FE72897E2D1E38D000D85DF2 /* Compoments.swift */; };
		FE766D342D221EBA000A5207 /* AcademicTerm.swift in Sources */ = {isa = PBXBuildFile; fileRef = FE766D332D221EBA000A5207 /* AcademicTerm.swift */; };
		FE766D362D221EEE000A5207 /* ManageTermsView.swift in Sources */ = {isa = PBXBuildFile; fileRef = FE766D352D221EEE000A5207 /* ManageTermsView.swift */; };
		FE766D382D221F35000A5207 /* AddOrEditTermSheet.swift in Sources */ = {isa = PBXBuildFile; fileRef = FE766D372D221F35000A5207 /* AddOrEditTermSheet.swift */; };
		FE766D3A2D223268000A5207 /* AddStudentView.swift in Sources */ = {isa = PBXBuildFile; fileRef = FE766D392D223268000A5207 /* AddStudentView.swift */; };
		FE8D2AE42D125F71001DED8E /* AvailabilityManager.swift in Sources */ = {isa = PBXBuildFile; fileRef = FE8D2AE32D125F71001DED8E /* AvailabilityManager.swift */; };
		FE8D2AE62D125FB4001DED8E /* AvailabilityView.swift in Sources */ = {isa = PBXBuildFile; fileRef = FE8D2AE52D125FB4001DED8E /* AvailabilityView.swift */; };
		FE8D2AE82D126666001DED8E /* HelpView.swift in Sources */ = {isa = PBXBuildFile; fileRef = FE8D2AE72D126666001DED8E /* HelpView.swift */; };
		FE8D2AEA2D1268F7001DED8E /* ReportsView.swift in Sources */ = {isa = PBXBuildFile; fileRef = FE8D2AE92D1268F7001DED8E /* ReportsView.swift */; };
		FE8D2AEC2D127B64001DED8E /* RecurringLessonView.swift in Sources */ = {isa = PBXBuildFile; fileRef = FE8D2AEB2D127B64001DED8E /* RecurringLessonView.swift */; };
		FE8D2AEE2D127BF1001DED8E /* Enquiry.swift in Sources */ = {isa = PBXBuildFile; fileRef = FE8D2AED2D127BF1001DED8E /* Enquiry.swift */; };
		FEB8B1E12CFCDB7300BF3CF4 /* Lesson.swift in Sources */ = {isa = PBXBuildFile; fileRef = FEB8B1E02CFCDB5E00BF3CF4 /* Lesson.swift */; };
		FEB8B1E32CFCDC5700BF3CF4 /* SampleData.swift in Sources */ = {isa = PBXBuildFile; fileRef = FEB8B1E22CFCDC4A00BF3CF4 /* SampleData.swift */; };
		FEB8B1E92CFCE3F000BF3CF4 /* LessonDetailView.swift in Sources */ = {isa = PBXBuildFile; fileRef = FEB8B1E82CFCE3F000BF3CF4 /* LessonDetailView.swift */; };
		FEB8B1EB2CFCE9EE00BF3CF4 /* AddLessonView.swift in Sources */ = {isa = PBXBuildFile; fileRef = FEB8B1EA2CFCE9EE00BF3CF4 /* AddLessonView.swift */; };
		FEB8B1ED2CFCEB1600BF3CF4 /* EditLessonView.swift in Sources */ = {isa = PBXBuildFile; fileRef = FEB8B1EC2CFCEB1600BF3CF4 /* EditLessonView.swift */; };
		FEB8B1EF2CFCFAA300BF3CF4 /* StorageManager.swift in Sources */ = {isa = PBXBuildFile; fileRef = FEB8B1EE2CFCFAA300BF3CF4 /* StorageManager.swift */; };
		FEB8B1F12CFD077F00BF3CF4 /* DailyOverView.swift in Sources */ = {isa = PBXBuildFile; fileRef = FEB8B1F02CFD077F00BF3CF4 /* DailyOverView.swift */; };
		FEB8B1F32CFD2C7000BF3CF4 /* EnquiryListView.swift in Sources */ = {isa = PBXBuildFile; fileRef = FEB8B1F22CFD2C7000BF3CF4 /* EnquiryListView.swift */; };
		FEB8B1F72CFD34EE00BF3CF4 /* SarahsTimetableApp.swift in Sources */ = {isa = PBXBuildFile; fileRef = FEB8B1F62CFD34EE00BF3CF4 /* SarahsTimetableApp.swift */; };
		FEBA36F42D0284C3001638EB /* DashboardView.swift in Sources */ = {isa = PBXBuildFile; fileRef = FEBA36F32D0284C3001638EB /* DashboardView.swift */; };
		FEBA36F62D02850A001638EB /* TodayScheduleView.swift in Sources */ = {isa = PBXBuildFile; fileRef = FEBA36F52D02850A001638EB /* TodayScheduleView.swift */; };
		FEBA36F82D02853E001638EB /* WeeklyPlannerView.swift in Sources */ = {isa = PBXBuildFile; fileRef = FEBA36F72D02853E001638EB /* WeeklyPlannerView.swift */; };
		FEBA36FA2D028583001638EB /* StudentListView.swift in Sources */ = {isa = PBXBuildFile; fileRef = FEBA36F92D028583001638EB /* StudentListView.swift */; };
		FEBA36FC2D028BD6001638EB /* EnquiryDetailView.swift in Sources */ = {isa = PBXBuildFile; fileRef = FEBA36FB2D028BD6001638EB /* EnquiryDetailView.swift */; };
		FEBA36FE2D02A95D001638EB /* TermOverviewView.swift in Sources */ = {isa = PBXBuildFile; fileRef = FEBA36FD2D02A95D001638EB /* TermOverviewView.swift */; };
		FEBA37002D02ABBD001638EB /* ContractManagerView.swift in Sources */ = {isa = PBXBuildFile; fileRef = FEBA36FF2D02ABBD001638EB /* ContractManagerView.swift */; };
		FEEFCC222D06146500A451CE /* StudentProfileView.swift in Sources */ = {isa = PBXBuildFile; fileRef = FEEFCC212D06146500A451CE /* StudentProfileView.swift */; };
/* End PBXBuildFile section */

/* Begin PBXContainerItemProxy section */
		FEB8B1C42CFCD86700BF3CF4 /* PBXContainerItemProxy */ = {
			isa = PBXContainerItemProxy;
			containerPortal = FEB8B1A62CFCD86600BF3CF4 /* Project object */;
			proxyType = 1;
			remoteGlobalIDString = FEB8B1AD2CFCD86600BF3CF4;
			remoteInfo = "Sarah's Timetable";
		};
		FEB8B1CE2CFCD86700BF3CF4 /* PBXContainerItemProxy */ = {
			isa = PBXContainerItemProxy;
			containerPortal = FEB8B1A62CFCD86600BF3CF4 /* Project object */;
			proxyType = 1;
			remoteGlobalIDString = FEB8B1AD2CFCD86600BF3CF4;
			remoteInfo = "Sarah's Timetable";
		};
/* End PBXContainerItemProxy section */

/* Begin PBXFileReference section */
		FE324BC12D0A4E08002CEF08 /* RescheduleSheet.swift */ = {isa = PBXFileReference; lastKnownFileType = sourcecode.swift; path = RescheduleSheet.swift; sourceTree = "<group>"; };
		FE324BC32D0A56E5002CEF08 /* Colors.swift */ = {isa = PBXFileReference; lastKnownFileType = sourcecode.swift; path = Colors.swift; sourceTree = "<group>"; };
		FE58A9BE2D134C5200051430 /* SwiftUIView.swift */ = {isa = PBXFileReference; lastKnownFileType = sourcecode.swift; path = SwiftUIView.swift; sourceTree = "<group>"; };
		FE58A9C02D13512400051430 /* StatefulSheetView.swift */ = {isa = PBXFileReference; lastKnownFileType = sourcecode.swift; path = StatefulSheetView.swift; sourceTree = "<group>"; };
		FE69999F2D139658002E0B10 /* AdvancedPatterns.swift */ = {isa = PBXFileReference; lastKnownFileType = sourcecode.swift; path = AdvancedPatterns.swift; sourceTree = "<group>"; };
		FE6999A12D139876002E0B10 /* PatternTestView.swift */ = {isa = PBXFileReference; lastKnownFileType = sourcecode.swift; path = PatternTestView.swift; sourceTree = "<group>"; };
		FE72897E2D1E38D000D85DF2 /* Compoments.swift */ = {isa = PBXFileReference; lastKnownFileType = sourcecode.swift; path = Compoments.swift; sourceTree = "<group>"; };
		FE766D332D221EBA000A5207 /* AcademicTerm.swift */ = {isa = PBXFileReference; lastKnownFileType = sourcecode.swift; path = AcademicTerm.swift; sourceTree = "<group>"; };
		FE766D352D221EEE000A5207 /* ManageTermsView.swift */ = {isa = PBXFileReference; lastKnownFileType = sourcecode.swift; path = ManageTermsView.swift; sourceTree = "<group>"; };
		FE766D372D221F35000A5207 /* AddOrEditTermSheet.swift */ = {isa = PBXFileReference; lastKnownFileType = sourcecode.swift; path = AddOrEditTermSheet.swift; sourceTree = "<group>"; };
		FE766D392D223268000A5207 /* AddStudentView.swift */ = {isa = PBXFileReference; lastKnownFileType = sourcecode.swift; path = AddStudentView.swift; sourceTree = "<group>"; };
		FE8D2AE32D125F71001DED8E /* AvailabilityManager.swift */ = {isa = PBXFileReference; lastKnownFileType = sourcecode.swift; path = AvailabilityManager.swift; sourceTree = "<group>"; };
		FE8D2AE52D125FB4001DED8E /* AvailabilityView.swift */ = {isa = PBXFileReference; lastKnownFileType = sourcecode.swift; path = AvailabilityView.swift; sourceTree = "<group>"; };
		FE8D2AE72D126666001DED8E /* HelpView.swift */ = {isa = PBXFileReference; lastKnownFileType = sourcecode.swift; path = HelpView.swift; sourceTree = "<group>"; };
		FE8D2AE92D1268F7001DED8E /* ReportsView.swift */ = {isa = PBXFileReference; lastKnownFileType = sourcecode.swift; path = ReportsView.swift; sourceTree = "<group>"; };
		FE8D2AEB2D127B64001DED8E /* RecurringLessonView.swift */ = {isa = PBXFileReference; lastKnownFileType = sourcecode.swift; path = RecurringLessonView.swift; sourceTree = "<group>"; };
		FE8D2AED2D127BF1001DED8E /* Enquiry.swift */ = {isa = PBXFileReference; lastKnownFileType = sourcecode.swift; path = Enquiry.swift; sourceTree = "<group>"; };
		FEB8B1AE2CFCD86600BF3CF4 /* Sarah's Timetable.app */ = {isa = PBXFileReference; explicitFileType = wrapper.application; includeInIndex = 0; path = "Sarah's Timetable.app"; sourceTree = BUILT_PRODUCTS_DIR; };
		FEB8B1C32CFCD86700BF3CF4 /* Sarah's TimetableTests.xctest */ = {isa = PBXFileReference; explicitFileType = wrapper.cfbundle; includeInIndex = 0; path = "Sarah's TimetableTests.xctest"; sourceTree = BUILT_PRODUCTS_DIR; };
		FEB8B1CD2CFCD86700BF3CF4 /* Sarah's TimetableUITests.xctest */ = {isa = PBXFileReference; explicitFileType = wrapper.cfbundle; includeInIndex = 0; path = "Sarah's TimetableUITests.xctest"; sourceTree = BUILT_PRODUCTS_DIR; };
		FEB8B1E02CFCDB5E00BF3CF4 /* Lesson.swift */ = {isa = PBXFileReference; lastKnownFileType = sourcecode.swift; path = Lesson.swift; sourceTree = "<group>"; };
		FEB8B1E22CFCDC4A00BF3CF4 /* SampleData.swift */ = {isa = PBXFileReference; lastKnownFileType = sourcecode.swift; path = SampleData.swift; sourceTree = "<group>"; };
		FEB8B1E82CFCE3F000BF3CF4 /* LessonDetailView.swift */ = {isa = PBXFileReference; lastKnownFileType = sourcecode.swift; path = LessonDetailView.swift; sourceTree = "<group>"; };
		FEB8B1EA2CFCE9EE00BF3CF4 /* AddLessonView.swift */ = {isa = PBXFileReference; lastKnownFileType = sourcecode.swift; path = AddLessonView.swift; sourceTree = "<group>"; };
		FEB8B1EC2CFCEB1600BF3CF4 /* EditLessonView.swift */ = {isa = PBXFileReference; lastKnownFileType = sourcecode.swift; path = EditLessonView.swift; sourceTree = "<group>"; };
		FEB8B1EE2CFCFAA300BF3CF4 /* StorageManager.swift */ = {isa = PBXFileReference; lastKnownFileType = sourcecode.swift; path = StorageManager.swift; sourceTree = "<group>"; };
		FEB8B1F02CFD077F00BF3CF4 /* DailyOverView.swift */ = {isa = PBXFileReference; lastKnownFileType = sourcecode.swift; path = DailyOverView.swift; sourceTree = "<group>"; };
		FEB8B1F22CFD2C7000BF3CF4 /* EnquiryListView.swift */ = {isa = PBXFileReference; lastKnownFileType = sourcecode.swift; path = EnquiryListView.swift; sourceTree = "<group>"; };
		FEB8B1F62CFD34EE00BF3CF4 /* SarahsTimetableApp.swift */ = {isa = PBXFileReference; lastKnownFileType = sourcecode.swift; path = SarahsTimetableApp.swift; sourceTree = "<group>"; };
		FEBA36F32D0284C3001638EB /* DashboardView.swift */ = {isa = PBXFileReference; lastKnownFileType = sourcecode.swift; path = DashboardView.swift; sourceTree = "<group>"; };
		FEBA36F52D02850A001638EB /* TodayScheduleView.swift */ = {isa = PBXFileReference; lastKnownFileType = sourcecode.swift; path = TodayScheduleView.swift; sourceTree = "<group>"; };
		FEBA36F72D02853E001638EB /* WeeklyPlannerView.swift */ = {isa = PBXFileReference; lastKnownFileType = sourcecode.swift; path = WeeklyPlannerView.swift; sourceTree = "<group>"; };
		FEBA36F92D028583001638EB /* StudentListView.swift */ = {isa = PBXFileReference; lastKnownFileType = sourcecode.swift; path = StudentListView.swift; sourceTree = "<group>"; };
		FEBA36FB2D028BD6001638EB /* EnquiryDetailView.swift */ = {isa = PBXFileReference; lastKnownFileType = sourcecode.swift; path = EnquiryDetailView.swift; sourceTree = "<group>"; };
		FEBA36FD2D02A95D001638EB /* TermOverviewView.swift */ = {isa = PBXFileReference; lastKnownFileType = sourcecode.swift; path = TermOverviewView.swift; sourceTree = "<group>"; };
		FEBA36FF2D02ABBD001638EB /* ContractManagerView.swift */ = {isa = PBXFileReference; lastKnownFileType = sourcecode.swift; path = ContractManagerView.swift; sourceTree = "<group>"; };
		FEEFCC212D06146500A451CE /* StudentProfileView.swift */ = {isa = PBXFileReference; lastKnownFileType = sourcecode.swift; path = StudentProfileView.swift; sourceTree = "<group>"; };
/* End PBXFileReference section */

/* Begin PBXFileSystemSynchronizedRootGroup section */
		FEB8B1B02CFCD86600BF3CF4 /* Sarah's Timetable */ = {
			isa = PBXFileSystemSynchronizedRootGroup;
			path = "Sarah's Timetable";
			sourceTree = "<group>";
		};
		FEB8B1C62CFCD86700BF3CF4 /* Sarah's TimetableTests */ = {
			isa = PBXFileSystemSynchronizedRootGroup;
			path = "Sarah's TimetableTests";
			sourceTree = "<group>";
		};
		FEB8B1D02CFCD86700BF3CF4 /* Sarah's TimetableUITests */ = {
			isa = PBXFileSystemSynchronizedRootGroup;
			path = "Sarah's TimetableUITests";
			sourceTree = "<group>";
		};
/* End PBXFileSystemSynchronizedRootGroup section */

/* Begin PBXFrameworksBuildPhase section */
		FEB8B1AB2CFCD86600BF3CF4 /* Frameworks */ = {
			isa = PBXFrameworksBuildPhase;
			buildActionMask = 2147483647;
			files = (
			);
			runOnlyForDeploymentPostprocessing = 0;
		};
		FEB8B1C02CFCD86700BF3CF4 /* Frameworks */ = {
			isa = PBXFrameworksBuildPhase;
			buildActionMask = 2147483647;
			files = (
			);
			runOnlyForDeploymentPostprocessing = 0;
		};
		FEB8B1CA2CFCD86700BF3CF4 /* Frameworks */ = {
			isa = PBXFrameworksBuildPhase;
			buildActionMask = 2147483647;
			files = (
			);
			runOnlyForDeploymentPostprocessing = 0;
		};
/* End PBXFrameworksBuildPhase section */

/* Begin PBXGroup section */
		FEB8B1A52CFCD86600BF3CF4 = {
			isa = PBXGroup;
			children = (
				FE766D392D223268000A5207 /* AddStudentView.swift */,
				FE766D372D221F35000A5207 /* AddOrEditTermSheet.swift */,
				FE766D352D221EEE000A5207 /* ManageTermsView.swift */,
				FE766D332D221EBA000A5207 /* AcademicTerm.swift */,
				FEB8B1EA2CFCE9EE00BF3CF4 /* AddLessonView.swift */,
				FE69999F2D139658002E0B10 /* AdvancedPatterns.swift */,
				FE8D2AE32D125F71001DED8E /* AvailabilityManager.swift */,
				FE8D2AE52D125FB4001DED8E /* AvailabilityView.swift */,
				FE324BC32D0A56E5002CEF08 /* Colors.swift */,
				FE72897E2D1E38D000D85DF2 /* Compoments.swift */,
				FEBA36FF2D02ABBD001638EB /* ContractManagerView.swift */,
				FEB8B1F02CFD077F00BF3CF4 /* DailyOverView.swift */,
				FEBA36F32D0284C3001638EB /* DashboardView.swift */,
				FEB8B1EC2CFCEB1600BF3CF4 /* EditLessonView.swift */,
				FE8D2AED2D127BF1001DED8E /* Enquiry.swift */,
				FEBA36FB2D028BD6001638EB /* EnquiryDetailView.swift */,
				FEB8B1F22CFD2C7000BF3CF4 /* EnquiryListView.swift */,
				FE8D2AE72D126666001DED8E /* HelpView.swift */,
				FEB8B1E02CFCDB5E00BF3CF4 /* Lesson.swift */,
				FEB8B1E82CFCE3F000BF3CF4 /* LessonDetailView.swift */,
				FE6999A12D139876002E0B10 /* PatternTestView.swift */,
				FEB8B1AF2CFCD86600BF3CF4 /* Products */,
				FE8D2AEB2D127B64001DED8E /* RecurringLessonView.swift */,
				FE8D2AE92D1268F7001DED8E /* ReportsView.swift */,
				FE324BC12D0A4E08002CEF08 /* RescheduleSheet.swift */,
				FEB8B1E22CFCDC4A00BF3CF4 /* SampleData.swift */,
				FEB8B1B02CFCD86600BF3CF4 /* Sarah's Timetable */,
				FEB8B1C62CFCD86700BF3CF4 /* Sarah's TimetableTests */,
				FEB8B1D02CFCD86700BF3CF4 /* Sarah's TimetableUITests */,
				FEB8B1F62CFD34EE00BF3CF4 /* SarahsTimetableApp.swift */,
				FE58A9C02D13512400051430 /* StatefulSheetView.swift */,
				FEB8B1EE2CFCFAA300BF3CF4 /* StorageManager.swift */,
				FEBA36F92D028583001638EB /* StudentListView.swift */,
				FEEFCC212D06146500A451CE /* StudentProfileView.swift */,
				FE58A9BE2D134C5200051430 /* SwiftUIView.swift */,
				FEBA36FD2D02A95D001638EB /* TermOverviewView.swift */,
				FEBA36F52D02850A001638EB /* TodayScheduleView.swift */,
				FEBA36F72D02853E001638EB /* WeeklyPlannerView.swift */,
			);
			sourceTree = "<group>";
		};
		FEB8B1AF2CFCD86600BF3CF4 /* Products */ = {
			isa = PBXGroup;
			children = (
				FEB8B1AE2CFCD86600BF3CF4 /* Sarah's Timetable.app */,
				FEB8B1C32CFCD86700BF3CF4 /* Sarah's TimetableTests.xctest */,
				FEB8B1CD2CFCD86700BF3CF4 /* Sarah's TimetableUITests.xctest */,
			);
			name = Products;
			sourceTree = "<group>";
		};
/* End PBXGroup section */

/* Begin PBXNativeTarget section */
		FEB8B1AD2CFCD86600BF3CF4 /* Sarah's Timetable */ = {
			isa = PBXNativeTarget;
			buildConfigurationList = FEB8B1D72CFCD86700BF3CF4 /* Build configuration list for PBXNativeTarget "Sarah's Timetable" */;
			buildPhases = (
				FEB8B1AA2CFCD86600BF3CF4 /* Sources */,
				FEB8B1AB2CFCD86600BF3CF4 /* Frameworks */,
				FEB8B1AC2CFCD86600BF3CF4 /* Resources */,
			);
			buildRules = (
			);
			dependencies = (
			);
			fileSystemSynchronizedGroups = (
				FEB8B1B02CFCD86600BF3CF4 /* Sarah's Timetable */,
			);
			name = "Sarah's Timetable";
			packageProductDependencies = (
			);
			productName = "Sarah's Timetable";
			productReference = FEB8B1AE2CFCD86600BF3CF4 /* Sarah's Timetable.app */;
			productType = "com.apple.product-type.application";
		};
		FEB8B1C22CFCD86700BF3CF4 /* Sarah's TimetableTests */ = {
			isa = PBXNativeTarget;
			buildConfigurationList = FEB8B1DA2CFCD86700BF3CF4 /* Build configuration list for PBXNativeTarget "Sarah's TimetableTests" */;
			buildPhases = (
				FEB8B1BF2CFCD86700BF3CF4 /* Sources */,
				FEB8B1C02CFCD86700BF3CF4 /* Frameworks */,
				FEB8B1C12CFCD86700BF3CF4 /* Resources */,
			);
			buildRules = (
			);
			dependencies = (
				FEB8B1C52CFCD86700BF3CF4 /* PBXTargetDependency */,
			);
			fileSystemSynchronizedGroups = (
				FEB8B1C62CFCD86700BF3CF4 /* Sarah's TimetableTests */,
			);
			name = "Sarah's TimetableTests";
			packageProductDependencies = (
			);
			productName = "Sarah's TimetableTests";
			productReference = FEB8B1C32CFCD86700BF3CF4 /* Sarah's TimetableTests.xctest */;
			productType = "com.apple.product-type.bundle.unit-test";
		};
		FEB8B1CC2CFCD86700BF3CF4 /* Sarah's TimetableUITests */ = {
			isa = PBXNativeTarget;
			buildConfigurationList = FEB8B1DD2CFCD86700BF3CF4 /* Build configuration list for PBXNativeTarget "Sarah's TimetableUITests" */;
			buildPhases = (
				FEB8B1C92CFCD86700BF3CF4 /* Sources */,
				FEB8B1CA2CFCD86700BF3CF4 /* Frameworks */,
				FEB8B1CB2CFCD86700BF3CF4 /* Resources */,
			);
			buildRules = (
			);
			dependencies = (
				FEB8B1CF2CFCD86700BF3CF4 /* PBXTargetDependency */,
			);
			fileSystemSynchronizedGroups = (
				FEB8B1D02CFCD86700BF3CF4 /* Sarah's TimetableUITests */,
			);
			name = "Sarah's TimetableUITests";
			packageProductDependencies = (
			);
			productName = "Sarah's TimetableUITests";
			productReference = FEB8B1CD2CFCD86700BF3CF4 /* Sarah's TimetableUITests.xctest */;
			productType = "com.apple.product-type.bundle.ui-testing";
		};
/* End PBXNativeTarget section */

/* Begin PBXProject section */
		FEB8B1A62CFCD86600BF3CF4 /* Project object */ = {
			isa = PBXProject;
			attributes = {
				BuildIndependentTargetsInParallel = 1;
				LastSwiftUpdateCheck = 1610;
				LastUpgradeCheck = 1610;
				TargetAttributes = {
					FEB8B1AD2CFCD86600BF3CF4 = {
						CreatedOnToolsVersion = 16.1;
					};
					FEB8B1C22CFCD86700BF3CF4 = {
						CreatedOnToolsVersion = 16.1;
						TestTargetID = FEB8B1AD2CFCD86600BF3CF4;
					};
					FEB8B1CC2CFCD86700BF3CF4 = {
						CreatedOnToolsVersion = 16.1;
						TestTargetID = FEB8B1AD2CFCD86600BF3CF4;
					};
				};
			};
			buildConfigurationList = FEB8B1A92CFCD86600BF3CF4 /* Build configuration list for PBXProject "Sarah's Timetable" */;
			developmentRegion = en;
			hasScannedForEncodings = 0;
			knownRegions = (
				en,
				Base,
			);
			mainGroup = FEB8B1A52CFCD86600BF3CF4;
			minimizedProjectReferenceProxies = 1;
			preferredProjectObjectVersion = 77;
			productRefGroup = FEB8B1AF2CFCD86600BF3CF4 /* Products */;
			projectDirPath = "";
			projectRoot = "";
			targets = (
				FEB8B1AD2CFCD86600BF3CF4 /* Sarah's Timetable */,
				FEB8B1C22CFCD86700BF3CF4 /* Sarah's TimetableTests */,
				FEB8B1CC2CFCD86700BF3CF4 /* Sarah's TimetableUITests */,
			);
		};
/* End PBXProject section */

/* Begin PBXResourcesBuildPhase section */
		FEB8B1AC2CFCD86600BF3CF4 /* Resources */ = {
			isa = PBXResourcesBuildPhase;
			buildActionMask = 2147483647;
			files = (
			);
			runOnlyForDeploymentPostprocessing = 0;
		};
		FEB8B1C12CFCD86700BF3CF4 /* Resources */ = {
			isa = PBXResourcesBuildPhase;
			buildActionMask = 2147483647;
			files = (
			);
			runOnlyForDeploymentPostprocessing = 0;
		};
		FEB8B1CB2CFCD86700BF3CF4 /* Resources */ = {
			isa = PBXResourcesBuildPhase;
			buildActionMask = 2147483647;
			files = (
			);
			runOnlyForDeploymentPostprocessing = 0;
		};
/* End PBXResourcesBuildPhase section */

/* Begin PBXSourcesBuildPhase section */
		FEB8B1AA2CFCD86600BF3CF4 /* Sources */ = {
			isa = PBXSourcesBuildPhase;
			buildActionMask = 2147483647;
			files = (
				FE766D3A2D223268000A5207 /* AddStudentView.swift in Sources */,
				FEBA36FC2D028BD6001638EB /* EnquiryDetailView.swift in Sources */,
				FE324BC42D0A56E5002CEF08 /* Colors.swift in Sources */,
				FE8D2AEC2D127B64001DED8E /* RecurringLessonView.swift in Sources */,
				FEEFCC222D06146500A451CE /* StudentProfileView.swift in Sources */,
				FEBA36FE2D02A95D001638EB /* TermOverviewView.swift in Sources */,
				FEB8B1F32CFD2C7000BF3CF4 /* EnquiryListView.swift in Sources */,
				FEB8B1E12CFCDB7300BF3CF4 /* Lesson.swift in Sources */,
				FE8D2AEE2D127BF1001DED8E /* Enquiry.swift in Sources */,
				FE766D382D221F35000A5207 /* AddOrEditTermSheet.swift in Sources */,
				FEB8B1E32CFCDC5700BF3CF4 /* SampleData.swift in Sources */,
				FEBA36F42D0284C3001638EB /* DashboardView.swift in Sources */,
				FEBA36FA2D028583001638EB /* StudentListView.swift in Sources */,
				FE58A9BF2D134C5200051430 /* SwiftUIView.swift in Sources */,
				FEB8B1EF2CFCFAA300BF3CF4 /* StorageManager.swift in Sources */,
				FE8D2AEA2D1268F7001DED8E /* ReportsView.swift in Sources */,
				FE8D2AE62D125FB4001DED8E /* AvailabilityView.swift in Sources */,
				FEBA37002D02ABBD001638EB /* ContractManagerView.swift in Sources */,
				FEB8B1F72CFD34EE00BF3CF4 /* SarahsTimetableApp.swift in Sources */,
				FEB8B1F12CFD077F00BF3CF4 /* DailyOverView.swift in Sources */,
				FE766D342D221EBA000A5207 /* AcademicTerm.swift in Sources */,
				FEBA36F62D02850A001638EB /* TodayScheduleView.swift in Sources */,
				FEB8B1EB2CFCE9EE00BF3CF4 /* AddLessonView.swift in Sources */,
				FE6999A02D139658002E0B10 /* AdvancedPatterns.swift in Sources */,
				FE8D2AE42D125F71001DED8E /* AvailabilityManager.swift in Sources */,
				FE6999A22D139876002E0B10 /* PatternTestView.swift in Sources */,
				FE766D362D221EEE000A5207 /* ManageTermsView.swift in Sources */,
				FEB8B1E92CFCE3F000BF3CF4 /* LessonDetailView.swift in Sources */,
				FE8D2AE82D126666001DED8E /* HelpView.swift in Sources */,
				FE58A9C12D13512400051430 /* StatefulSheetView.swift in Sources */,
				FEB8B1ED2CFCEB1600BF3CF4 /* EditLessonView.swift in Sources */,
				FE72897F2D1E38D000D85DF2 /* Compoments.swift in Sources */,
				FEBA36F82D02853E001638EB /* WeeklyPlannerView.swift in Sources */,
				FE324BC22D0A4E08002CEF08 /* RescheduleSheet.swift in Sources */,
			);
			runOnlyForDeploymentPostprocessing = 0;
		};
		FEB8B1BF2CFCD86700BF3CF4 /* Sources */ = {
			isa = PBXSourcesBuildPhase;
			buildActionMask = 2147483647;
			files = (
			);
			runOnlyForDeploymentPostprocessing = 0;
		};
		FEB8B1C92CFCD86700BF3CF4 /* Sources */ = {
			isa = PBXSourcesBuildPhase;
			buildActionMask = 2147483647;
			files = (
			);
			runOnlyForDeploymentPostprocessing = 0;
		};
/* End PBXSourcesBuildPhase section */

/* Begin PBXTargetDependency section */
		FEB8B1C52CFCD86700BF3CF4 /* PBXTargetDependency */ = {
			isa = PBXTargetDependency;
			target = FEB8B1AD2CFCD86600BF3CF4 /* Sarah's Timetable */;
			targetProxy = FEB8B1C42CFCD86700BF3CF4 /* PBXContainerItemProxy */;
		};
		FEB8B1CF2CFCD86700BF3CF4 /* PBXTargetDependency */ = {
			isa = PBXTargetDependency;
			target = FEB8B1AD2CFCD86600BF3CF4 /* Sarah's Timetable */;
			targetProxy = FEB8B1CE2CFCD86700BF3CF4 /* PBXContainerItemProxy */;
		};
/* End PBXTargetDependency section */

/* Begin XCBuildConfiguration section */
		FEB8B1D52CFCD86700BF3CF4 /* Debug */ = {
			isa = XCBuildConfiguration;
			buildSettings = {
				ALWAYS_SEARCH_USER_PATHS = NO;
				ASSETCATALOG_COMPILER_GENERATE_SWIFT_ASSET_SYMBOL_EXTENSIONS = YES;
				CLANG_ANALYZER_NONNULL = YES;
				CLANG_ANALYZER_NUMBER_OBJECT_CONVERSION = YES_AGGRESSIVE;
				CLANG_CXX_LANGUAGE_STANDARD = "gnu++20";
				CLANG_ENABLE_MODULES = YES;
				CLANG_ENABLE_OBJC_ARC = YES;
				CLANG_ENABLE_OBJC_WEAK = YES;
				CLANG_WARN_BLOCK_CAPTURE_AUTORELEASING = YES;
				CLANG_WARN_BOOL_CONVERSION = YES;
				CLANG_WARN_COMMA = YES;
				CLANG_WARN_CONSTANT_CONVERSION = YES;
				CLANG_WARN_DEPRECATED_OBJC_IMPLEMENTATIONS = YES;
				CLANG_WARN_DIRECT_OBJC_ISA_USAGE = YES_ERROR;
				CLANG_WARN_DOCUMENTATION_COMMENTS = YES;
				CLANG_WARN_EMPTY_BODY = YES;
				CLANG_WARN_ENUM_CONVERSION = YES;
				CLANG_WARN_INFINITE_RECURSION = YES;
				CLANG_WARN_INT_CONVERSION = YES;
				CLANG_WARN_NON_LITERAL_NULL_CONVERSION = YES;
				CLANG_WARN_OBJC_IMPLICIT_RETAIN_SELF = YES;
				CLANG_WARN_OBJC_LITERAL_CONVERSION = YES;
				CLANG_WARN_OBJC_ROOT_CLASS = YES_ERROR;
				CLANG_WARN_QUOTED_INCLUDE_IN_FRAMEWORK_HEADER = YES;
				CLANG_WARN_RANGE_LOOP_ANALYSIS = YES;
				CLANG_WARN_STRICT_PROTOTYPES = YES;
				CLANG_WARN_SUSPICIOUS_MOVE = YES;
				CLANG_WARN_UNGUARDED_AVAILABILITY = YES_AGGRESSIVE;
				CLANG_WARN_UNREACHABLE_CODE = YES;
				CLANG_WARN__DUPLICATE_METHOD_MATCH = YES;
				COPY_PHASE_STRIP = NO;
				DEBUG_INFORMATION_FORMAT = dwarf;
				ENABLE_STRICT_OBJC_MSGSEND = YES;
				ENABLE_TESTABILITY = YES;
				ENABLE_USER_SCRIPT_SANDBOXING = YES;
				GCC_C_LANGUAGE_STANDARD = gnu17;
				GCC_DYNAMIC_NO_PIC = NO;
				GCC_NO_COMMON_BLOCKS = YES;
				GCC_OPTIMIZATION_LEVEL = 0;
				GCC_PREPROCESSOR_DEFINITIONS = (
					"DEBUG=1",
					"$(inherited)",
				);
				GCC_WARN_64_TO_32_BIT_CONVERSION = YES;
				GCC_WARN_ABOUT_RETURN_TYPE = YES_ERROR;
				GCC_WARN_UNDECLARED_SELECTOR = YES;
				GCC_WARN_UNINITIALIZED_AUTOS = YES_AGGRESSIVE;
				GCC_WARN_UNUSED_FUNCTION = YES;
				GCC_WARN_UNUSED_VARIABLE = YES;
				IPHONEOS_DEPLOYMENT_TARGET = 18.1;
				LOCALIZATION_PREFERS_STRING_CATALOGS = YES;
				MTL_ENABLE_DEBUG_INFO = INCLUDE_SOURCE;
				MTL_FAST_MATH = YES;
				ONLY_ACTIVE_ARCH = YES;
				SDKROOT = iphoneos;
				SWIFT_ACTIVE_COMPILATION_CONDITIONS = "DEBUG $(inherited)";
				SWIFT_OPTIMIZATION_LEVEL = "-Onone";
			};
			name = Debug;
		};
		FEB8B1D62CFCD86700BF3CF4 /* Release */ = {
			isa = XCBuildConfiguration;
			buildSettings = {
				ALWAYS_SEARCH_USER_PATHS = NO;
				ASSETCATALOG_COMPILER_GENERATE_SWIFT_ASSET_SYMBOL_EXTENSIONS = YES;
				CLANG_ANALYZER_NONNULL = YES;
				CLANG_ANALYZER_NUMBER_OBJECT_CONVERSION = YES_AGGRESSIVE;
				CLANG_CXX_LANGUAGE_STANDARD = "gnu++20";
				CLANG_ENABLE_MODULES = YES;
				CLANG_ENABLE_OBJC_ARC = YES;
				CLANG_ENABLE_OBJC_WEAK = YES;
				CLANG_WARN_BLOCK_CAPTURE_AUTORELEASING = YES;
				CLANG_WARN_BOOL_CONVERSION = YES;
				CLANG_WARN_COMMA = YES;
				CLANG_WARN_CONSTANT_CONVERSION = YES;
				CLANG_WARN_DEPRECATED_OBJC_IMPLEMENTATIONS = YES;
				CLANG_WARN_DIRECT_OBJC_ISA_USAGE = YES_ERROR;
				CLANG_WARN_DOCUMENTATION_COMMENTS = YES;
				CLANG_WARN_EMPTY_BODY = YES;
				CLANG_WARN_ENUM_CONVERSION = YES;
				CLANG_WARN_INFINITE_RECURSION = YES;
				CLANG_WARN_INT_CONVERSION = YES;
				CLANG_WARN_NON_LITERAL_NULL_CONVERSION = YES;
				CLANG_WARN_OBJC_IMPLICIT_RETAIN_SELF = YES;
				CLANG_WARN_OBJC_LITERAL_CONVERSION = YES;
				CLANG_WARN_OBJC_ROOT_CLASS = YES_ERROR;
				CLANG_WARN_QUOTED_INCLUDE_IN_FRAMEWORK_HEADER = YES;
				CLANG_WARN_RANGE_LOOP_ANALYSIS = YES;
				CLANG_WARN_STRICT_PROTOTYPES = YES;
				CLANG_WARN_SUSPICIOUS_MOVE = YES;
				CLANG_WARN_UNGUARDED_AVAILABILITY = YES_AGGRESSIVE;
				CLANG_WARN_UNREACHABLE_CODE = YES;
				CLANG_WARN__DUPLICATE_METHOD_MATCH = YES;
				COPY_PHASE_STRIP = NO;
				DEBUG_INFORMATION_FORMAT = "dwarf-with-dsym";
				ENABLE_NS_ASSERTIONS = NO;
				ENABLE_STRICT_OBJC_MSGSEND = YES;
				ENABLE_USER_SCRIPT_SANDBOXING = YES;
				GCC_C_LANGUAGE_STANDARD = gnu17;
				GCC_NO_COMMON_BLOCKS = YES;
				GCC_WARN_64_TO_32_BIT_CONVERSION = YES;
				GCC_WARN_ABOUT_RETURN_TYPE = YES_ERROR;
				GCC_WARN_UNDECLARED_SELECTOR = YES;
				GCC_WARN_UNINITIALIZED_AUTOS = YES_AGGRESSIVE;
				GCC_WARN_UNUSED_FUNCTION = YES;
				GCC_WARN_UNUSED_VARIABLE = YES;
				IPHONEOS_DEPLOYMENT_TARGET = 18.1;
				LOCALIZATION_PREFERS_STRING_CATALOGS = YES;
				MTL_ENABLE_DEBUG_INFO = NO;
				MTL_FAST_MATH = YES;
				SDKROOT = iphoneos;
				SWIFT_COMPILATION_MODE = wholemodule;
				VALIDATE_PRODUCT = YES;
			};
			name = Release;
		};
		FEB8B1D82CFCD86700BF3CF4 /* Debug */ = {
			isa = XCBuildConfiguration;
			buildSettings = {
				ASSETCATALOG_COMPILER_APPICON_NAME = AppIcon;
				ASSETCATALOG_COMPILER_GLOBAL_ACCENT_COLOR_NAME = AccentColor;
				CODE_SIGN_STYLE = Automatic;
				CURRENT_PROJECT_VERSION = 1;
				DEVELOPMENT_ASSET_PATHS = "\"Sarah's Timetable/Preview Content\"";
				DEVELOPMENT_TEAM = MSM87L66JC;
				ENABLE_PREVIEWS = YES;
				GENERATE_INFOPLIST_FILE = YES;
				INFOPLIST_KEY_UIApplicationSceneManifest_Generation = YES;
				INFOPLIST_KEY_UIApplicationSupportsIndirectInputEvents = YES;
				INFOPLIST_KEY_UILaunchScreen_Generation = YES;
				INFOPLIST_KEY_UISupportedInterfaceOrientations_iPad = "UIInterfaceOrientationPortrait UIInterfaceOrientationPortraitUpsideDown UIInterfaceOrientationLandscapeLeft UIInterfaceOrientationLandscapeRight";
				INFOPLIST_KEY_UISupportedInterfaceOrientations_iPhone = "UIInterfaceOrientationPortrait UIInterfaceOrientationLandscapeLeft UIInterfaceOrientationLandscapeRight";
				LD_RUNPATH_SEARCH_PATHS = (
					"$(inherited)",
					"@executable_path/Frameworks",
				);
				MARKETING_VERSION = 1.0;
				PRODUCT_BUNDLE_IDENTIFIER = "com.terrysh.sarahstimetable.Sarah-s-Timetable";
				PRODUCT_NAME = "$(TARGET_NAME)";
				SWIFT_EMIT_LOC_STRINGS = YES;
				SWIFT_VERSION = 5.0;
				TARGETED_DEVICE_FAMILY = "1,2";
			};
			name = Debug;
		};
		FEB8B1D92CFCD86700BF3CF4 /* Release */ = {
			isa = XCBuildConfiguration;
			buildSettings = {
				ASSETCATALOG_COMPILER_APPICON_NAME = AppIcon;
				ASSETCATALOG_COMPILER_GLOBAL_ACCENT_COLOR_NAME = AccentColor;
				CODE_SIGN_STYLE = Automatic;
				CURRENT_PROJECT_VERSION = 1;
				DEVELOPMENT_ASSET_PATHS = "\"Sarah's Timetable/Preview Content\"";
				DEVELOPMENT_TEAM = MSM87L66JC;
				ENABLE_PREVIEWS = YES;
				GENERATE_INFOPLIST_FILE = YES;
				INFOPLIST_KEY_UIApplicationSceneManifest_Generation = YES;
				INFOPLIST_KEY_UIApplicationSupportsIndirectInputEvents = YES;
				INFOPLIST_KEY_UILaunchScreen_Generation = YES;
				INFOPLIST_KEY_UISupportedInterfaceOrientations_iPad = "UIInterfaceOrientationPortrait UIInterfaceOrientationPortraitUpsideDown UIInterfaceOrientationLandscapeLeft UIInterfaceOrientationLandscapeRight";
				INFOPLIST_KEY_UISupportedInterfaceOrientations_iPhone = "UIInterfaceOrientationPortrait UIInterfaceOrientationLandscapeLeft UIInterfaceOrientationLandscapeRight";
				LD_RUNPATH_SEARCH_PATHS = (
					"$(inherited)",
					"@executable_path/Frameworks",
				);
				MARKETING_VERSION = 1.0;
				PRODUCT_BUNDLE_IDENTIFIER = "com.terrysh.sarahstimetable.Sarah-s-Timetable";
				PRODUCT_NAME = "$(TARGET_NAME)";
				SWIFT_EMIT_LOC_STRINGS = YES;
				SWIFT_VERSION = 5.0;
				TARGETED_DEVICE_FAMILY = "1,2";
			};
			name = Release;
		};
		FEB8B1DB2CFCD86700BF3CF4 /* Debug */ = {
			isa = XCBuildConfiguration;
			buildSettings = {
				BUNDLE_LOADER = "$(TEST_HOST)";
				CODE_SIGN_STYLE = Automatic;
				CURRENT_PROJECT_VERSION = 1;
				DEVELOPMENT_TEAM = MSM87L66JC;
				GENERATE_INFOPLIST_FILE = YES;
				IPHONEOS_DEPLOYMENT_TARGET = 18.1;
				MARKETING_VERSION = 1.0;
				PRODUCT_BUNDLE_IDENTIFIER = "com.terrysh.sarahstimetable.Sarah-s-TimetableTests";
				PRODUCT_NAME = "$(TARGET_NAME)";
				SWIFT_EMIT_LOC_STRINGS = NO;
				SWIFT_VERSION = 5.0;
				TARGETED_DEVICE_FAMILY = "1,2";
				TEST_HOST = "$(BUILT_PRODUCTS_DIR)/Sarah's Timetable.app/$(BUNDLE_EXECUTABLE_FOLDER_PATH)/Sarah's Timetable";
			};
			name = Debug;
		};
		FEB8B1DC2CFCD86700BF3CF4 /* Release */ = {
			isa = XCBuildConfiguration;
			buildSettings = {
				BUNDLE_LOADER = "$(TEST_HOST)";
				CODE_SIGN_STYLE = Automatic;
				CURRENT_PROJECT_VERSION = 1;
				DEVELOPMENT_TEAM = MSM87L66JC;
				GENERATE_INFOPLIST_FILE = YES;
				IPHONEOS_DEPLOYMENT_TARGET = 18.1;
				MARKETING_VERSION = 1.0;
				PRODUCT_BUNDLE_IDENTIFIER = "com.terrysh.sarahstimetable.Sarah-s-TimetableTests";
				PRODUCT_NAME = "$(TARGET_NAME)";
				SWIFT_EMIT_LOC_STRINGS = NO;
				SWIFT_VERSION = 5.0;
				TARGETED_DEVICE_FAMILY = "1,2";
				TEST_HOST = "$(BUILT_PRODUCTS_DIR)/Sarah's Timetable.app/$(BUNDLE_EXECUTABLE_FOLDER_PATH)/Sarah's Timetable";
			};
			name = Release;
		};
		FEB8B1DE2CFCD86700BF3CF4 /* Debug */ = {
			isa = XCBuildConfiguration;
			buildSettings = {
				CODE_SIGN_STYLE = Automatic;
				CURRENT_PROJECT_VERSION = 1;
				DEVELOPMENT_TEAM = MSM87L66JC;
				GENERATE_INFOPLIST_FILE = YES;
				MARKETING_VERSION = 1.0;
				PRODUCT_BUNDLE_IDENTIFIER = "com.terrysh.sarahstimetable.Sarah-s-TimetableUITests";
				PRODUCT_NAME = "$(TARGET_NAME)";
				SWIFT_EMIT_LOC_STRINGS = NO;
				SWIFT_VERSION = 5.0;
				TARGETED_DEVICE_FAMILY = "1,2";
				TEST_TARGET_NAME = "Sarah's Timetable";
			};
			name = Debug;
		};
		FEB8B1DF2CFCD86700BF3CF4 /* Release */ = {
			isa = XCBuildConfiguration;
			buildSettings = {
				CODE_SIGN_STYLE = Automatic;
				CURRENT_PROJECT_VERSION = 1;
				DEVELOPMENT_TEAM = MSM87L66JC;
				GENERATE_INFOPLIST_FILE = YES;
				MARKETING_VERSION = 1.0;
				PRODUCT_BUNDLE_IDENTIFIER = "com.terrysh.sarahstimetable.Sarah-s-TimetableUITests";
				PRODUCT_NAME = "$(TARGET_NAME)";
				SWIFT_EMIT_LOC_STRINGS = NO;
				SWIFT_VERSION = 5.0;
				TARGETED_DEVICE_FAMILY = "1,2";
				TEST_TARGET_NAME = "Sarah's Timetable";
			};
			name = Release;
		};
/* End XCBuildConfiguration section */

/* Begin XCConfigurationList section */
		FEB8B1A92CFCD86600BF3CF4 /* Build configuration list for PBXProject "Sarah's Timetable" */ = {
			isa = XCConfigurationList;
			buildConfigurations = (
				FEB8B1D52CFCD86700BF3CF4 /* Debug */,
				FEB8B1D62CFCD86700BF3CF4 /* Release */,
			);
			defaultConfigurationIsVisible = 0;
			defaultConfigurationName = Release;
		};
		FEB8B1D72CFCD86700BF3CF4 /* Build configuration list for PBXNativeTarget "Sarah's Timetable" */ = {
			isa = XCConfigurationList;
			buildConfigurations = (
				FEB8B1D82CFCD86700BF3CF4 /* Debug */,
				FEB8B1D92CFCD86700BF3CF4 /* Release */,
			);
			defaultConfigurationIsVisible = 0;
			defaultConfigurationName = Release;
		};
		FEB8B1DA2CFCD86700BF3CF4 /* Build configuration list for PBXNativeTarget "Sarah's TimetableTests" */ = {
			isa = XCConfigurationList;
			buildConfigurations = (
				FEB8B1DB2CFCD86700BF3CF4 /* Debug */,
				FEB8B1DC2CFCD86700BF3CF4 /* Release */,
			);
			defaultConfigurationIsVisible = 0;
			defaultConfigurationName = Release;
		};
		FEB8B1DD2CFCD86700BF3CF4 /* Build configuration list for PBXNativeTarget "Sarah's TimetableUITests" */ = {
			isa = XCConfigurationList;
			buildConfigurations = (
				FEB8B1DE2CFCD86700BF3CF4 /* Debug */,
				FEB8B1DF2CFCD86700BF3CF4 /* Release */,
			);
			defaultConfigurationIsVisible = 0;
			defaultConfigurationName = Release;
		};
/* End XCConfigurationList section */
	};
	rootObject = FEB8B1A62CFCD86600BF3CF4 /* Project object */;
}
